
Microsoft Visual Studio Solution File, Format Version 12.00
# Visual Studio Version 17
VisualStudioVersion = 17.4.33122.133
MinimumVisualStudioVersion = 10.0.40219.1
Project("{FAE04EC0-301F-11D3-BF4B-00C04F79EFBC}") = "DailyPlanet", "DailyPlanet\DailyPlanet.csproj", "{DA440F99-843A-4B38-BC07-E34A025FD2A4}"
EndProject
Global
	GlobalSection(SolutionConfigurationPlatforms) = preSolution
		Debug|Any CPU = Debug|Any CPU
		Release|Any CPU = Release|Any CPU
	EndGlobalSection
	GlobalSection(ProjectConfigurationPlatforms) = postSolution
		{DA440F99-843A-4B38-BC07-E34A025FD2A4}.Debug|Any CPU.ActiveCfg = Debug|Any CPU
		{DA440F99-843A-4B38-BC07-E34A025FD2A4}.Debug|Any CPU.Build.0 = Debug|Any CPU
		{DA440F99-843A-4B38-BC07-E34A025FD2A4}.Release|Any CPU.ActiveCfg = Release|Any CPU
		{DA440F99-843A-4B38-BC07-E34A025FD2A4}.Release|Any CPU.Build.0 = Release|Any CPU
	EndGlobalSection
	GlobalSection(SolutionProperties) = preSolution
		HideSolutionNode = FALSE
	EndGlobalSection
	GlobalSection(ExtensibilityGlobals) = postSolution
		SolutionGuid = {CC4DC698-9A86-48FC-82DB-0ACAB01F48AD}
	EndGlobalSection
EndGlobal
